
Microsoft Visual Studio Solution File, Format Version 12.00
# Visual Studio Version 17
VisualStudioVersion = 17.3.32804.467
MinimumVisualStudioVersion = 10.0.40219.1
Project("{9A19103F-16F7-4668-BE54-9A1E7A4F7556}") = "SJI3.Core", "SJI3.Core\SJI3.Core.csproj", "{C6910E24-C07A-4CDD-819A-B36246A7E773}"
EndProject
Project("{9A19103F-16F7-4668-BE54-9A1E7A4F7556}") = "SJI3.Infrastructure", "SJI3.Infrastructure\SJI3.Infrastructure.csproj", "{302D529B-E22C-4EB3-9044-47EE315765EF}"
EndProject
Project("{9A19103F-16F7-4668-BE54-9A1E7A4F7556}") = "SJI3.API", "SJI3.API\SJI3.API.csproj", "{8343A09C-92E0-4B7F-B710-088B7C4C7970}"
EndProject
Project("{E53339B2-1760-4266-BCC7-CA923CBCF16C}") = "docker-compose", "docker-compose.dcproj", "{E66F4617-98AB-4195-9ADA-A306202A791A}"
EndProject
Project("{9A19103F-16F7-4668-BE54-9A1E7A4F7556}") = "SJI3.Identity", "SJI3.Identity\SJI3.Identity.csproj", "{041E4A15-9582-4860-8558-547DCCA80C16}"
EndProject
Project("{9A19103F-16F7-4668-BE54-9A1E7A4F7556}") = "SJI3.Worker", "SJI3.Worker\SJI3.Worker.csproj", "{2EA2CD77-A947-4EAE-ABF4-C6E78A3210E5}"
EndProject
Project("{2150E333-8FDC-42A3-9474-1A3956D46DE8}") = "Identity", "Identity", "{302E2F69-E35B-4E2B-A179-7A70ED494C2A}"
EndProject
Project("{2150E333-8FDC-42A3-9474-1A3956D46DE8}") = "SJI3", "SJI3", "{9F9F42E9-E9CC-4820-A608-6696FF3831CE}"
EndProject
Project("{9A19103F-16F7-4668-BE54-9A1E7A4F7556}") = "SJI3.Contracts", "SJI3.Contracts\SJI3.Contracts.csproj", "{8D3A51D8-DFD2-451B-A518-ECDD441A482C}"
EndProject
Global
	GlobalSection(SolutionConfigurationPlatforms) = preSolution
		Debug|Any CPU = Debug|Any CPU
		Release|Any CPU = Release|Any CPU
	EndGlobalSection
	GlobalSection(ProjectConfigurationPlatforms) = postSolution
		{C6910E24-C07A-4CDD-819A-B36246A7E773}.Debug|Any CPU.ActiveCfg = Debug|Any CPU
		{C6910E24-C07A-4CDD-819A-B36246A7E773}.Debug|Any CPU.Build.0 = Debug|Any CPU
		{C6910E24-C07A-4CDD-819A-B36246A7E773}.Release|Any CPU.ActiveCfg = Release|Any CPU
		{C6910E24-C07A-4CDD-819A-B36246A7E773}.Release|Any CPU.Build.0 = Release|Any CPU
		{302D529B-E22C-4EB3-9044-47EE315765EF}.Debug|Any CPU.ActiveCfg = Debug|Any CPU
		{302D529B-E22C-4EB3-9044-47EE315765EF}.Debug|Any CPU.Build.0 = Debug|Any CPU
		{302D529B-E22C-4EB3-9044-47EE315765EF}.Release|Any CPU.ActiveCfg = Release|Any CPU
		{302D529B-E22C-4EB3-9044-47EE315765EF}.Release|Any CPU.Build.0 = Release|Any CPU
		{8343A09C-92E0-4B7F-B710-088B7C4C7970}.Debug|Any CPU.ActiveCfg = Debug|Any CPU
		{8343A09C-92E0-4B7F-B710-088B7C4C7970}.Debug|Any CPU.Build.0 = Debug|Any CPU
		{8343A09C-92E0-4B7F-B710-088B7C4C7970}.Release|Any CPU.ActiveCfg = Release|Any CPU
		{8343A09C-92E0-4B7F-B710-088B7C4C7970}.Release|Any CPU.Build.0 = Release|Any CPU
		{E66F4617-98AB-4195-9ADA-A306202A791A}.Debug|Any CPU.ActiveCfg = Debug|Any CPU
		{E66F4617-98AB-4195-9ADA-A306202A791A}.Debug|Any CPU.Build.0 = Debug|Any CPU
		{E66F4617-98AB-4195-9ADA-A306202A791A}.Release|Any CPU.ActiveCfg = Release|Any CPU
		{E66F4617-98AB-4195-9ADA-A306202A791A}.Release|Any CPU.Build.0 = Release|Any CPU
		{041E4A15-9582-4860-8558-547DCCA80C16}.Debug|Any CPU.ActiveCfg = Debug|Any CPU
		{041E4A15-9582-4860-8558-547DCCA80C16}.Debug|Any CPU.Build.0 = Debug|Any CPU
		{041E4A15-9582-4860-8558-547DCCA80C16}.Release|Any CPU.ActiveCfg = Release|Any CPU
		{041E4A15-9582-4860-8558-547DCCA80C16}.Release|Any CPU.Build.0 = Release|Any CPU
		{2EA2CD77-A947-4EAE-ABF4-C6E78A3210E5}.Debug|Any CPU.ActiveCfg = Debug|Any CPU
		{2EA2CD77-A947-4EAE-ABF4-C6E78A3210E5}.Debug|Any CPU.Build.0 = Debug|Any CPU
		{2EA2CD77-A947-4EAE-ABF4-C6E78A3210E5}.Release|Any CPU.ActiveCfg = Release|Any CPU
		{2EA2CD77-A947-4EAE-ABF4-C6E78A3210E5}.Release|Any CPU.Build.0 = Release|Any CPU
		{8D3A51D8-DFD2-451B-A518-ECDD441A482C}.Debug|Any CPU.ActiveCfg = Debug|Any CPU
		{8D3A51D8-DFD2-451B-A518-ECDD441A482C}.Debug|Any CPU.Build.0 = Debug|Any CPU
		{8D3A51D8-DFD2-451B-A518-ECDD441A482C}.Release|Any CPU.ActiveCfg = Release|Any CPU
		{8D3A51D8-DFD2-451B-A518-ECDD441A482C}.Release|Any CPU.Build.0 = Release|Any CPU
	EndGlobalSection
	GlobalSection(SolutionProperties) = preSolution
		HideSolutionNode = FALSE
	EndGlobalSection
	GlobalSection(NestedProjects) = preSolution
		{C6910E24-C07A-4CDD-819A-B36246A7E773} = {9F9F42E9-E9CC-4820-A608-6696FF3831CE}
		{302D529B-E22C-4EB3-9044-47EE315765EF} = {9F9F42E9-E9CC-4820-A608-6696FF3831CE}
		{8343A09C-92E0-4B7F-B710-088B7C4C7970} = {9F9F42E9-E9CC-4820-A608-6696FF3831CE}
		{041E4A15-9582-4860-8558-547DCCA80C16} = {302E2F69-E35B-4E2B-A179-7A70ED494C2A}
		{2EA2CD77-A947-4EAE-ABF4-C6E78A3210E5} = {9F9F42E9-E9CC-4820-A608-6696FF3831CE}
		{8D3A51D8-DFD2-451B-A518-ECDD441A482C} = {9F9F42E9-E9CC-4820-A608-6696FF3831CE}
	EndGlobalSection
	GlobalSection(ExtensibilityGlobals) = postSolution
		SolutionGuid = {E8B3D3A6-5953-4F81-812D-96108F9DDABE}
	EndGlobalSection
EndGlobal
